
Microsoft Visual Studio Solution File, Format Version 12.00
Project("{2150E333-8FDC-42A3-9474-1A3956D46DE8}") = "Documentation", "Documentation", "{CE8370EC-1E33-4974-89EA-CC6049E095FB}"
	ProjectSection(SolutionItems) = preProject
		GroupMembers.md = GroupMembers.md
	EndProjectSection
EndProject
Project("{2150E333-8FDC-42A3-9474-1A3956D46DE8}") = "src", "src", "{CC74B2EF-AEA3-4634-A33B-97613F3887A2}"
EndProject
Project("{2150E333-8FDC-42A3-9474-1A3956D46DE8}") = "Core", "Core", "{B2DCD3EB-8C8A-4220-B4A1-D7F0591A17E9}"
EndProject
Project("{2150E333-8FDC-42A3-9474-1A3956D46DE8}") = "Tools", "Tools", "{FC1C8985-AEBF-4F12-8E71-9A2D03C39B4A}"
EndProject
Project("{FAE04EC0-301F-11D3-BF4B-00C04F79EFBC}") = "VIAEventAssociation.Core.Tools.OperationResult", "src\Core\Tools\VIAEventAssociation.Core.Tools.OperationResult\VIAEventAssociation.Core.Tools.OperationResult.csproj", "{444E8AC9-E134-4D40-B86B-7EF6FD46F0B1}"
EndProject
Project("{2150E333-8FDC-42A3-9474-1A3956D46DE8}") = "Tests", "Tests", "{07DA93D2-9599-43EB-8D88-4F7DE66C661A}"
EndProject
Project("{FAE04EC0-301F-11D3-BF4B-00C04F79EFBC}") = "UnitTests", "Tests\UnitTests\UnitTests.csproj", "{53CA3BE7-CAD6-4C8F-9671-A9D518EF084C}"
EndProject
Project("{FAE04EC0-301F-11D3-BF4B-00C04F79EFBC}") = "VIAEventAssociation.Core.Domain", "src\Core\VIAEventAssociation.Core.Domain\VIAEventAssociation.Core.Domain.csproj", "{EE1D6C0C-D69D-47A9-A230-037C2B729780}"
EndProject
Project("{FAE04EC0-301F-11D3-BF4B-00C04F79EFBC}") = "Documentation", "Documentation\Documentation\Documentation.csproj", "{A12C6A0C-F221-4167-8D65-006FB4D6C1CE}"
EndProject
Project("{FAE04EC0-301F-11D3-BF4B-00C04F79EFBC}") = "Application", "Core\Application\Application.csproj", "{C7194DDD-A5B4-429C-93C4-A782C8F16FE0}"
EndProject
Global
	GlobalSection(SolutionConfigurationPlatforms) = preSolution
		Debug|Any CPU = Debug|Any CPU
		Release|Any CPU = Release|Any CPU
	EndGlobalSection
	GlobalSection(NestedProjects) = preSolution
		{B2DCD3EB-8C8A-4220-B4A1-D7F0591A17E9} = {CC74B2EF-AEA3-4634-A33B-97613F3887A2}
		{FC1C8985-AEBF-4F12-8E71-9A2D03C39B4A} = {B2DCD3EB-8C8A-4220-B4A1-D7F0591A17E9}
		{444E8AC9-E134-4D40-B86B-7EF6FD46F0B1} = {FC1C8985-AEBF-4F12-8E71-9A2D03C39B4A}
		{53CA3BE7-CAD6-4C8F-9671-A9D518EF084C} = {07DA93D2-9599-43EB-8D88-4F7DE66C661A}
		{EE1D6C0C-D69D-47A9-A230-037C2B729780} = {B2DCD3EB-8C8A-4220-B4A1-D7F0591A17E9}
		{A12C6A0C-F221-4167-8D65-006FB4D6C1CE} = {CE8370EC-1E33-4974-89EA-CC6049E095FB}
		{C7194DDD-A5B4-429C-93C4-A782C8F16FE0} = {B2DCD3EB-8C8A-4220-B4A1-D7F0591A17E9}
	EndGlobalSection
	GlobalSection(ProjectConfigurationPlatforms) = postSolution
		{444E8AC9-E134-4D40-B86B-7EF6FD46F0B1}.Debug|Any CPU.ActiveCfg = Debug|Any CPU
		{444E8AC9-E134-4D40-B86B-7EF6FD46F0B1}.Debug|Any CPU.Build.0 = Debug|Any CPU
		{444E8AC9-E134-4D40-B86B-7EF6FD46F0B1}.Release|Any CPU.ActiveCfg = Release|Any CPU
		{444E8AC9-E134-4D40-B86B-7EF6FD46F0B1}.Release|Any CPU.Build.0 = Release|Any CPU
		{53CA3BE7-CAD6-4C8F-9671-A9D518EF084C}.Debug|Any CPU.ActiveCfg = Debug|Any CPU
		{53CA3BE7-CAD6-4C8F-9671-A9D518EF084C}.Debug|Any CPU.Build.0 = Debug|Any CPU
		{53CA3BE7-CAD6-4C8F-9671-A9D518EF084C}.Release|Any CPU.ActiveCfg = Release|Any CPU
		{53CA3BE7-CAD6-4C8F-9671-A9D518EF084C}.Release|Any CPU.Build.0 = Release|Any CPU
		{EE1D6C0C-D69D-47A9-A230-037C2B729780}.Debug|Any CPU.ActiveCfg = Debug|Any CPU
		{EE1D6C0C-D69D-47A9-A230-037C2B729780}.Debug|Any CPU.Build.0 = Debug|Any CPU
		{EE1D6C0C-D69D-47A9-A230-037C2B729780}.Release|Any CPU.ActiveCfg = Release|Any CPU
		{EE1D6C0C-D69D-47A9-A230-037C2B729780}.Release|Any CPU.Build.0 = Release|Any CPU
		{A12C6A0C-F221-4167-8D65-006FB4D6C1CE}.Debug|Any CPU.ActiveCfg = Debug|Any CPU
		{A12C6A0C-F221-4167-8D65-006FB4D6C1CE}.Debug|Any CPU.Build.0 = Debug|Any CPU
		{A12C6A0C-F221-4167-8D65-006FB4D6C1CE}.Release|Any CPU.ActiveCfg = Release|Any CPU
		{A12C6A0C-F221-4167-8D65-006FB4D6C1CE}.Release|Any CPU.Build.0 = Release|Any CPU
		{C7194DDD-A5B4-429C-93C4-A782C8F16FE0}.Debug|Any CPU.ActiveCfg = Debug|Any CPU
		{C7194DDD-A5B4-429C-93C4-A782C8F16FE0}.Debug|Any CPU.Build.0 = Debug|Any CPU
		{C7194DDD-A5B4-429C-93C4-A782C8F16FE0}.Release|Any CPU.ActiveCfg = Release|Any CPU
		{C7194DDD-A5B4-429C-93C4-A782C8F16FE0}.Release|Any CPU.Build.0 = Release|Any CPU
	EndGlobalSection
EndGlobal
